
Microsoft Visual Studio Solution File, Format Version 12.00
# Visual Studio Version 16
VisualStudioVersion = 16.0.31729.503
MinimumVisualStudioVersion = 10.0.40219.1
Project("{FAE04EC0-301F-11D3-BF4B-00C04F79EFBC}") = "zeamart", "zeamart\zeamart.csproj", "{F0EFBF4B-E65E-4B72-8FC7-60928A49B460}"
EndProject
Global
	GlobalSection(SolutionConfigurationPlatforms) = preSolution
		Debug|Any CPU = Debug|Any CPU
		Release|Any CPU = Release|Any CPU
	EndGlobalSection
	GlobalSection(ProjectConfigurationPlatforms) = postSolution
		{F0EFBF4B-E65E-4B72-8FC7-60928A49B460}.Debug|Any CPU.ActiveCfg = Debug|Any CPU
		{F0EFBF4B-E65E-4B72-8FC7-60928A49B460}.Debug|Any CPU.Build.0 = Debug|Any CPU
		{F0EFBF4B-E65E-4B72-8FC7-60928A49B460}.Release|Any CPU.ActiveCfg = Release|Any CPU
		{F0EFBF4B-E65E-4B72-8FC7-60928A49B460}.Release|Any CPU.Build.0 = Release|Any CPU
	EndGlobalSection
	GlobalSection(SolutionProperties) = preSolution
		HideSolutionNode = FALSE
	EndGlobalSection
	GlobalSection(ExtensibilityGlobals) = postSolution
		SolutionGuid = {D273CC80-E5C0-4398-87AF-D206A58D673D}
	EndGlobalSection
EndGlobal
